
Microsoft Visual Studio Solution File, Format Version 12.00
# Visual Studio Version 17
VisualStudioVersion = 17.3.32929.385
MinimumVisualStudioVersion = 10.0.40219.1
Project("{9A19103F-16F7-4668-BE54-9A1E7A4F7556}") = "FirstProcessSharedFile", "FirstProcessSharedFile\FirstProcessSharedFile.csproj", "{EA31D2BC-85E7-4CC4-B3E0-D0BCFA61577B}"
EndProject
Project("{2150E333-8FDC-42A3-9474-1A3956D46DE8}") = "SharedFile", "SharedFile", "{F6F452D8-2EC1-4F3B-BA75-86760AF7D309}"
EndProject
Project("{9A19103F-16F7-4668-BE54-9A1E7A4F7556}") = "SecondProcessSharedFile", "SecondProcessSharedFile\SecondProcessSharedFile.csproj", "{BC3894F7-C525-49FB-931C-CA11559C9B0F}"
EndProject
Project("{2150E333-8FDC-42A3-9474-1A3956D46DE8}") = "SharedMemory", "SharedMemory", "{BC902DCC-752A-4DCC-9824-48B2F9EF4EBF}"
EndProject
Project("{9A19103F-16F7-4668-BE54-9A1E7A4F7556}") = "FirstProcessSharedMemory", "FirstProcessSharedMemory\FirstProcessSharedMemory.csproj", "{C74FD9F9-AD26-47D1-93A2-2A081CE1079F}"
EndProject
Project("{9A19103F-16F7-4668-BE54-9A1E7A4F7556}") = "SecondProcessSharedMemory", "SecondProcessSharedMemory\SecondProcessSharedMemory.csproj", "{7745EE95-EE81-44C7-8713-56752BE4418E}"
EndProject
Project("{2150E333-8FDC-42A3-9474-1A3956D46DE8}") = "MMAP", "MMAP", "{D7F4794A-5CD0-4AD6-AF6F-8BECD76F27E0}"
EndProject
Project("{2150E333-8FDC-42A3-9474-1A3956D46DE8}") = "SocketTCP", "SocketTCP", "{AF6B4F02-8BD8-42F5-A86C-538BD3032D3C}"
EndProject
Project("{2150E333-8FDC-42A3-9474-1A3956D46DE8}") = "SocketUDP", "SocketUDP", "{940CE937-E75A-4250-8604-C3671E59EB56}"
EndProject
Project("{9A19103F-16F7-4668-BE54-9A1E7A4F7556}") = "MMAP.Infra", "MMAP.Infra\MMAP.Infra.csproj", "{1911F190-3D8C-4C82-80FA-101EA9AE7AB2}"
EndProject
Project("{9A19103F-16F7-4668-BE54-9A1E7A4F7556}") = "SharedFile.Infra", "SharedFile.Infra\SharedFile.Infra.csproj", "{16E8331E-906F-4745-8A80-D06F4F7554DC}"
EndProject
Project("{9A19103F-16F7-4668-BE54-9A1E7A4F7556}") = "SharedMemory.Infra", "SharedMemory.Infra\SharedMemory.Infra.csproj", "{C43A5F33-C393-4709-A246-5C3E5D9ED989}"
EndProject
Project("{9A19103F-16F7-4668-BE54-9A1E7A4F7556}") = "SocketTCP.Infra", "SocketTCP.Infra\SocketTCP.Infra.csproj", "{95F9AFCE-6DCA-49FF-9544-94BFE7AFF671}"
EndProject
Project("{9A19103F-16F7-4668-BE54-9A1E7A4F7556}") = "SocketUDP.Infra", "SocketUDP.Infra\SocketUDP.Infra.csproj", "{43601B43-CBD8-402E-9F34-00F2DF3B3D81}"
EndProject
Project("{9A19103F-16F7-4668-BE54-9A1E7A4F7556}") = "FirstProcessMMAP", "FirstProcessMMAP\FirstProcessMMAP.csproj", "{9D0D5BA0-FAD5-4906-AEE5-11BC9885D615}"
EndProject
Project("{9A19103F-16F7-4668-BE54-9A1E7A4F7556}") = "SecondProcessMMAP", "SecondProcessMMAP\SecondProcessMMAP.csproj", "{43DD76C0-1849-4E3D-9039-7B41B5713309}"
EndProject
Project("{9A19103F-16F7-4668-BE54-9A1E7A4F7556}") = "FirstProcessSocketTCP", "FirstProcessSocketTCP\FirstProcessSocketTCP.csproj", "{73180C8D-E326-402E-B3D9-6924B8BB04BF}"
EndProject
Project("{9A19103F-16F7-4668-BE54-9A1E7A4F7556}") = "SecondProcessSocketTCP", "SecondProcessSocketTCP\SecondProcessSocketTCP.csproj", "{FE5AC254-FCED-4E79-ABEC-152FD84A55C8}"
EndProject
Project("{9A19103F-16F7-4668-BE54-9A1E7A4F7556}") = "FirstProcessSocketUDP", "FirstProcessSocketUDP\FirstProcessSocketUDP.csproj", "{58F45C51-C550-4162-A681-DABC8B39AD5C}"
EndProject
Project("{9A19103F-16F7-4668-BE54-9A1E7A4F7556}") = "SecondProcessSocketUDP", "SecondProcessSocketUDP\SecondProcessSocketUDP.csproj", "{B89B19C1-8F90-4FFA-B4F6-0BCE4D2E3240}"
EndProject
Project("{9A19103F-16F7-4668-BE54-9A1E7A4F7556}") = "Infra.Shared", "ProcessesTestRunner.Shared\Infra.Shared.csproj", "{6173DCA8-C3BF-41B5-AF7C-EC8EE8383980}"
EndProject
Project("{2150E333-8FDC-42A3-9474-1A3956D46DE8}") = "Benchmark", "Benchmark", "{6F86AD45-9C0D-4E96-BA7C-8D2244241E8A}"
EndProject
Project("{FAE04EC0-301F-11D3-BF4B-00C04F79EFBC}") = "ServerProcessBenchmark", "ServerProcessBenchmark\ServerProcessBenchmark.csproj", "{41686724-5D48-4A68-B653-63D18CCEE781}"
EndProject
Project("{FAE04EC0-301F-11D3-BF4B-00C04F79EFBC}") = "ClientProcessBenchmark", "ClientProcessBenchmark\ClientProcessBenchmark.csproj", "{A4529F53-74CE-4487-AE61-3CE3AE3BB74D}"
EndProject
Global
	GlobalSection(SolutionConfigurationPlatforms) = preSolution
		Debug|Any CPU = Debug|Any CPU
		Release|Any CPU = Release|Any CPU
	EndGlobalSection
	GlobalSection(ProjectConfigurationPlatforms) = postSolution
		{EA31D2BC-85E7-4CC4-B3E0-D0BCFA61577B}.Debug|Any CPU.ActiveCfg = Debug|Any CPU
		{EA31D2BC-85E7-4CC4-B3E0-D0BCFA61577B}.Debug|Any CPU.Build.0 = Debug|Any CPU
		{EA31D2BC-85E7-4CC4-B3E0-D0BCFA61577B}.Release|Any CPU.ActiveCfg = Release|Any CPU
		{EA31D2BC-85E7-4CC4-B3E0-D0BCFA61577B}.Release|Any CPU.Build.0 = Release|Any CPU
		{BC3894F7-C525-49FB-931C-CA11559C9B0F}.Debug|Any CPU.ActiveCfg = Debug|Any CPU
		{BC3894F7-C525-49FB-931C-CA11559C9B0F}.Debug|Any CPU.Build.0 = Debug|Any CPU
		{BC3894F7-C525-49FB-931C-CA11559C9B0F}.Release|Any CPU.ActiveCfg = Release|Any CPU
		{BC3894F7-C525-49FB-931C-CA11559C9B0F}.Release|Any CPU.Build.0 = Release|Any CPU
		{C74FD9F9-AD26-47D1-93A2-2A081CE1079F}.Debug|Any CPU.ActiveCfg = Debug|Any CPU
		{C74FD9F9-AD26-47D1-93A2-2A081CE1079F}.Debug|Any CPU.Build.0 = Debug|Any CPU
		{C74FD9F9-AD26-47D1-93A2-2A081CE1079F}.Release|Any CPU.ActiveCfg = Release|Any CPU
		{C74FD9F9-AD26-47D1-93A2-2A081CE1079F}.Release|Any CPU.Build.0 = Release|Any CPU
		{7745EE95-EE81-44C7-8713-56752BE4418E}.Debug|Any CPU.ActiveCfg = Debug|Any CPU
		{7745EE95-EE81-44C7-8713-56752BE4418E}.Debug|Any CPU.Build.0 = Debug|Any CPU
		{7745EE95-EE81-44C7-8713-56752BE4418E}.Release|Any CPU.ActiveCfg = Release|Any CPU
		{7745EE95-EE81-44C7-8713-56752BE4418E}.Release|Any CPU.Build.0 = Release|Any CPU
		{1911F190-3D8C-4C82-80FA-101EA9AE7AB2}.Debug|Any CPU.ActiveCfg = Debug|Any CPU
		{1911F190-3D8C-4C82-80FA-101EA9AE7AB2}.Debug|Any CPU.Build.0 = Debug|Any CPU
		{1911F190-3D8C-4C82-80FA-101EA9AE7AB2}.Release|Any CPU.ActiveCfg = Release|Any CPU
		{1911F190-3D8C-4C82-80FA-101EA9AE7AB2}.Release|Any CPU.Build.0 = Release|Any CPU
		{16E8331E-906F-4745-8A80-D06F4F7554DC}.Debug|Any CPU.ActiveCfg = Debug|Any CPU
		{16E8331E-906F-4745-8A80-D06F4F7554DC}.Debug|Any CPU.Build.0 = Debug|Any CPU
		{16E8331E-906F-4745-8A80-D06F4F7554DC}.Release|Any CPU.ActiveCfg = Release|Any CPU
		{16E8331E-906F-4745-8A80-D06F4F7554DC}.Release|Any CPU.Build.0 = Release|Any CPU
		{C43A5F33-C393-4709-A246-5C3E5D9ED989}.Debug|Any CPU.ActiveCfg = Debug|Any CPU
		{C43A5F33-C393-4709-A246-5C3E5D9ED989}.Debug|Any CPU.Build.0 = Debug|Any CPU
		{C43A5F33-C393-4709-A246-5C3E5D9ED989}.Release|Any CPU.ActiveCfg = Release|Any CPU
		{C43A5F33-C393-4709-A246-5C3E5D9ED989}.Release|Any CPU.Build.0 = Release|Any CPU
		{95F9AFCE-6DCA-49FF-9544-94BFE7AFF671}.Debug|Any CPU.ActiveCfg = Debug|Any CPU
		{95F9AFCE-6DCA-49FF-9544-94BFE7AFF671}.Debug|Any CPU.Build.0 = Debug|Any CPU
		{95F9AFCE-6DCA-49FF-9544-94BFE7AFF671}.Release|Any CPU.ActiveCfg = Release|Any CPU
		{95F9AFCE-6DCA-49FF-9544-94BFE7AFF671}.Release|Any CPU.Build.0 = Release|Any CPU
		{43601B43-CBD8-402E-9F34-00F2DF3B3D81}.Debug|Any CPU.ActiveCfg = Debug|Any CPU
		{43601B43-CBD8-402E-9F34-00F2DF3B3D81}.Debug|Any CPU.Build.0 = Debug|Any CPU
		{43601B43-CBD8-402E-9F34-00F2DF3B3D81}.Release|Any CPU.ActiveCfg = Release|Any CPU
		{43601B43-CBD8-402E-9F34-00F2DF3B3D81}.Release|Any CPU.Build.0 = Release|Any CPU
		{9D0D5BA0-FAD5-4906-AEE5-11BC9885D615}.Debug|Any CPU.ActiveCfg = Debug|Any CPU
		{9D0D5BA0-FAD5-4906-AEE5-11BC9885D615}.Debug|Any CPU.Build.0 = Debug|Any CPU
		{9D0D5BA0-FAD5-4906-AEE5-11BC9885D615}.Release|Any CPU.ActiveCfg = Release|Any CPU
		{9D0D5BA0-FAD5-4906-AEE5-11BC9885D615}.Release|Any CPU.Build.0 = Release|Any CPU
		{43DD76C0-1849-4E3D-9039-7B41B5713309}.Debug|Any CPU.ActiveCfg = Debug|Any CPU
		{43DD76C0-1849-4E3D-9039-7B41B5713309}.Debug|Any CPU.Build.0 = Debug|Any CPU
		{43DD76C0-1849-4E3D-9039-7B41B5713309}.Release|Any CPU.ActiveCfg = Release|Any CPU
		{43DD76C0-1849-4E3D-9039-7B41B5713309}.Release|Any CPU.Build.0 = Release|Any CPU
		{73180C8D-E326-402E-B3D9-6924B8BB04BF}.Debug|Any CPU.ActiveCfg = Debug|Any CPU
		{73180C8D-E326-402E-B3D9-6924B8BB04BF}.Debug|Any CPU.Build.0 = Debug|Any CPU
		{73180C8D-E326-402E-B3D9-6924B8BB04BF}.Release|Any CPU.ActiveCfg = Release|Any CPU
		{73180C8D-E326-402E-B3D9-6924B8BB04BF}.Release|Any CPU.Build.0 = Release|Any CPU
		{FE5AC254-FCED-4E79-ABEC-152FD84A55C8}.Debug|Any CPU.ActiveCfg = Debug|Any CPU
		{FE5AC254-FCED-4E79-ABEC-152FD84A55C8}.Debug|Any CPU.Build.0 = Debug|Any CPU
		{FE5AC254-FCED-4E79-ABEC-152FD84A55C8}.Release|Any CPU.ActiveCfg = Release|Any CPU
		{FE5AC254-FCED-4E79-ABEC-152FD84A55C8}.Release|Any CPU.Build.0 = Release|Any CPU
		{58F45C51-C550-4162-A681-DABC8B39AD5C}.Debug|Any CPU.ActiveCfg = Debug|Any CPU
		{58F45C51-C550-4162-A681-DABC8B39AD5C}.Debug|Any CPU.Build.0 = Debug|Any CPU
		{58F45C51-C550-4162-A681-DABC8B39AD5C}.Release|Any CPU.ActiveCfg = Release|Any CPU
		{58F45C51-C550-4162-A681-DABC8B39AD5C}.Release|Any CPU.Build.0 = Release|Any CPU
		{B89B19C1-8F90-4FFA-B4F6-0BCE4D2E3240}.Debug|Any CPU.ActiveCfg = Debug|Any CPU
		{B89B19C1-8F90-4FFA-B4F6-0BCE4D2E3240}.Debug|Any CPU.Build.0 = Debug|Any CPU
		{B89B19C1-8F90-4FFA-B4F6-0BCE4D2E3240}.Release|Any CPU.ActiveCfg = Release|Any CPU
		{B89B19C1-8F90-4FFA-B4F6-0BCE4D2E3240}.Release|Any CPU.Build.0 = Release|Any CPU
		{6173DCA8-C3BF-41B5-AF7C-EC8EE8383980}.Debug|Any CPU.ActiveCfg = Debug|Any CPU
		{6173DCA8-C3BF-41B5-AF7C-EC8EE8383980}.Debug|Any CPU.Build.0 = Debug|Any CPU
		{6173DCA8-C3BF-41B5-AF7C-EC8EE8383980}.Release|Any CPU.ActiveCfg = Release|Any CPU
		{6173DCA8-C3BF-41B5-AF7C-EC8EE8383980}.Release|Any CPU.Build.0 = Release|Any CPU
		{41686724-5D48-4A68-B653-63D18CCEE781}.Debug|Any CPU.ActiveCfg = Debug|Any CPU
		{41686724-5D48-4A68-B653-63D18CCEE781}.Debug|Any CPU.Build.0 = Debug|Any CPU
		{41686724-5D48-4A68-B653-63D18CCEE781}.Release|Any CPU.ActiveCfg = Release|Any CPU
		{41686724-5D48-4A68-B653-63D18CCEE781}.Release|Any CPU.Build.0 = Release|Any CPU
		{A4529F53-74CE-4487-AE61-3CE3AE3BB74D}.Debug|Any CPU.ActiveCfg = Debug|Any CPU
		{A4529F53-74CE-4487-AE61-3CE3AE3BB74D}.Debug|Any CPU.Build.0 = Debug|Any CPU
		{A4529F53-74CE-4487-AE61-3CE3AE3BB74D}.Release|Any CPU.ActiveCfg = Release|Any CPU
		{A4529F53-74CE-4487-AE61-3CE3AE3BB74D}.Release|Any CPU.Build.0 = Release|Any CPU
	EndGlobalSection
	GlobalSection(SolutionProperties) = preSolution
		HideSolutionNode = FALSE
	EndGlobalSection
	GlobalSection(NestedProjects) = preSolution
		{EA31D2BC-85E7-4CC4-B3E0-D0BCFA61577B} = {F6F452D8-2EC1-4F3B-BA75-86760AF7D309}
		{BC3894F7-C525-49FB-931C-CA11559C9B0F} = {F6F452D8-2EC1-4F3B-BA75-86760AF7D309}
		{C74FD9F9-AD26-47D1-93A2-2A081CE1079F} = {BC902DCC-752A-4DCC-9824-48B2F9EF4EBF}
		{7745EE95-EE81-44C7-8713-56752BE4418E} = {BC902DCC-752A-4DCC-9824-48B2F9EF4EBF}
		{1911F190-3D8C-4C82-80FA-101EA9AE7AB2} = {D7F4794A-5CD0-4AD6-AF6F-8BECD76F27E0}
		{16E8331E-906F-4745-8A80-D06F4F7554DC} = {F6F452D8-2EC1-4F3B-BA75-86760AF7D309}
		{C43A5F33-C393-4709-A246-5C3E5D9ED989} = {BC902DCC-752A-4DCC-9824-48B2F9EF4EBF}
		{95F9AFCE-6DCA-49FF-9544-94BFE7AFF671} = {AF6B4F02-8BD8-42F5-A86C-538BD3032D3C}
		{43601B43-CBD8-402E-9F34-00F2DF3B3D81} = {940CE937-E75A-4250-8604-C3671E59EB56}
		{9D0D5BA0-FAD5-4906-AEE5-11BC9885D615} = {D7F4794A-5CD0-4AD6-AF6F-8BECD76F27E0}
		{43DD76C0-1849-4E3D-9039-7B41B5713309} = {D7F4794A-5CD0-4AD6-AF6F-8BECD76F27E0}
		{73180C8D-E326-402E-B3D9-6924B8BB04BF} = {AF6B4F02-8BD8-42F5-A86C-538BD3032D3C}
		{FE5AC254-FCED-4E79-ABEC-152FD84A55C8} = {AF6B4F02-8BD8-42F5-A86C-538BD3032D3C}
		{58F45C51-C550-4162-A681-DABC8B39AD5C} = {940CE937-E75A-4250-8604-C3671E59EB56}
		{B89B19C1-8F90-4FFA-B4F6-0BCE4D2E3240} = {940CE937-E75A-4250-8604-C3671E59EB56}
		{41686724-5D48-4A68-B653-63D18CCEE781} = {6F86AD45-9C0D-4E96-BA7C-8D2244241E8A}
		{A4529F53-74CE-4487-AE61-3CE3AE3BB74D} = {6F86AD45-9C0D-4E96-BA7C-8D2244241E8A}
	EndGlobalSection
	GlobalSection(ExtensibilityGlobals) = postSolution
		SolutionGuid = {DA033FEE-FCAA-41CC-AA53-F79F4524FDF1}
	EndGlobalSection
EndGlobal
